
Microsoft Visual Studio Solution File, Format Version 12.00
# Visual Studio Version 17
VisualStudioVersion = 17.4.33103.184
MinimumVisualStudioVersion = 10.0.40219.1
Project("{FAE04EC0-301F-11D3-BF4B-00C04F79EFBC}") = "StealFuckMemes", "StealFuckMemes\StealFuckMemes.csproj", "{F7B06C1B-0B9D-4BF7-8C14-AD08706DC4A7}"
EndProject
Global
	GlobalSection(SolutionConfigurationPlatforms) = preSolution
		Debug|Any CPU = Debug|Any CPU
		Release|Any CPU = Release|Any CPU
	EndGlobalSection
	GlobalSection(ProjectConfigurationPlatforms) = postSolution
		{F7B06C1B-0B9D-4BF7-8C14-AD08706DC4A7}.Debug|Any CPU.ActiveCfg = Debug|Any CPU
		{F7B06C1B-0B9D-4BF7-8C14-AD08706DC4A7}.Debug|Any CPU.Build.0 = Debug|Any CPU
		{F7B06C1B-0B9D-4BF7-8C14-AD08706DC4A7}.Release|Any CPU.ActiveCfg = Release|Any CPU
		{F7B06C1B-0B9D-4BF7-8C14-AD08706DC4A7}.Release|Any CPU.Build.0 = Release|Any CPU
	EndGlobalSection
	GlobalSection(SolutionProperties) = preSolution
		HideSolutionNode = FALSE
	EndGlobalSection
	GlobalSection(ExtensibilityGlobals) = postSolution
		SolutionGuid = {B49A6942-7D1A-49C3-BD42-ED789C8B04D4}
	EndGlobalSection
EndGlobal
